
Microsoft Visual Studio Solution File, Format Version 12.00
# Visual Studio Version 16
VisualStudioVersion = 16.0.32510.428
MinimumVisualStudioVersion = 10.0.40219.1
Project("{9A19103F-16F7-4668-BE54-9A1E7A4F7556}") = "VCG Server", "VCG Server\VCG Server.csproj", "{9B01B2C2-8369-4182-A2E1-6AD2792F6D00}"
EndProject
Global
	GlobalSection(SolutionConfigurationPlatforms) = preSolution
		Debug|Any CPU = Debug|Any CPU
		Release|Any CPU = Release|Any CPU
	EndGlobalSection
	GlobalSection(ProjectConfigurationPlatforms) = postSolution
		{9B01B2C2-8369-4182-A2E1-6AD2792F6D00}.Debug|Any CPU.ActiveCfg = Debug|Any CPU
		{9B01B2C2-8369-4182-A2E1-6AD2792F6D00}.Debug|Any CPU.Build.0 = Debug|Any CPU
		{9B01B2C2-8369-4182-A2E1-6AD2792F6D00}.Release|Any CPU.ActiveCfg = Release|Any CPU
		{9B01B2C2-8369-4182-A2E1-6AD2792F6D00}.Release|Any CPU.Build.0 = Release|Any CPU
	EndGlobalSection
	GlobalSection(SolutionProperties) = preSolution
		HideSolutionNode = FALSE
	EndGlobalSection
	GlobalSection(ExtensibilityGlobals) = postSolution
		SolutionGuid = {92D44199-D277-485F-BAFD-EC0ECD185296}
	EndGlobalSection
EndGlobal
